
Microsoft Visual Studio Solution File, Format Version 12.00
# Visual Studio Version 17
VisualStudioVersion = 17.10.34825.169
MinimumVisualStudioVersion = 10.0.40219.1
Project("{FAE04EC0-301F-11D3-BF4B-00C04F79EFBC}") = "dotXO", "dotXO.csproj", "{54805B4B-6F69-4D73-BDCF-36F8BD1BF653}"
EndProject
Global
	GlobalSection(SolutionConfigurationPlatforms) = preSolution
		Debug|Any CPU = Debug|Any CPU
		Release|Any CPU = Release|Any CPU
	EndGlobalSection
	GlobalSection(ProjectConfigurationPlatforms) = postSolution
		{54805B4B-6F69-4D73-BDCF-36F8BD1BF653}.Debug|Any CPU.ActiveCfg = Debug|Any CPU
		{54805B4B-6F69-4D73-BDCF-36F8BD1BF653}.Debug|Any CPU.Build.0 = Debug|Any CPU
		{54805B4B-6F69-4D73-BDCF-36F8BD1BF653}.Release|Any CPU.ActiveCfg = Release|Any CPU
		{54805B4B-6F69-4D73-BDCF-36F8BD1BF653}.Release|Any CPU.Build.0 = Release|Any CPU
	EndGlobalSection
	GlobalSection(SolutionProperties) = preSolution
		HideSolutionNode = FALSE
	EndGlobalSection
	GlobalSection(ExtensibilityGlobals) = postSolution
		SolutionGuid = {82DDC82A-6AA3-410C-B0B3-0FA649A3B0BD}
	EndGlobalSection
EndGlobal
